
Microsoft Visual Studio Solution File, Format Version 12.00
# Visual Studio Version 17
VisualStudioVersion = 17.3.32611.2
MinimumVisualStudioVersion = 10.0.40219.1
Project("{9A19103F-16F7-4668-BE54-9A1E7A4F7556}") = "Acme.BookStore.Domain", "src\Acme.BookStore.Domain\Acme.BookStore.Domain.csproj", "{554AD327-6DBA-4F8F-96F8-81CE7A0C863F}"
EndProject
Project("{9A19103F-16F7-4668-BE54-9A1E7A4F7556}") = "Acme.BookStore.Application", "src\Acme.BookStore.Application\Acme.BookStore.Application.csproj", "{1A94A50E-06DC-43C1-80B5-B662820EC3EB}"
EndProject
Project("{9A19103F-16F7-4668-BE54-9A1E7A4F7556}") = "Acme.BookStore.EntityFrameworkCore", "src\Acme.BookStore.EntityFrameworkCore\Acme.BookStore.EntityFrameworkCore.csproj", "{C956DD76-69C8-4A9C-83EA-D17DF83340FD}"
EndProject
Project("{2150E333-8FDC-42A3-9474-1A3956D46DE8}") = "src", "src", "{CA9AC87F-097E-4F15-8393-4BC07735A5B0}"
EndProject
Project("{2150E333-8FDC-42A3-9474-1A3956D46DE8}") = "test", "test", "{04DBDB01-70F4-4E06-B468-8F87850B22BE}"
EndProject
Project("{9A19103F-16F7-4668-BE54-9A1E7A4F7556}") = "Acme.BookStore.Application.Tests", "test\Acme.BookStore.Application.Tests\Acme.BookStore.Application.Tests.csproj", "{50B2631D-129C-47B3-A587-029CCD6099BC}"
EndProject
Project("{9A19103F-16F7-4668-BE54-9A1E7A4F7556}") = "Acme.BookStore.Domain.Shared", "src\Acme.BookStore.Domain.Shared\Acme.BookStore.Domain.Shared.csproj", "{42F719ED-8413-4895-B5B4-5AB56079BC66}"
EndProject
Project("{9A19103F-16F7-4668-BE54-9A1E7A4F7556}") = "Acme.BookStore.Application.Contracts", "src\Acme.BookStore.Application.Contracts\Acme.BookStore.Application.Contracts.csproj", "{520659C8-C734-4298-A3DA-B539DB9DFC0B}"
EndProject
Project("{9A19103F-16F7-4668-BE54-9A1E7A4F7556}") = "Acme.BookStore.HttpApi", "src\Acme.BookStore.HttpApi\Acme.BookStore.HttpApi.csproj", "{4164BDF7-F527-4E85-9CE6-E3C2D7426A27}"
EndProject
Project("{9A19103F-16F7-4668-BE54-9A1E7A4F7556}") = "Acme.BookStore.HttpApi.Client", "src\Acme.BookStore.HttpApi.Client\Acme.BookStore.HttpApi.Client.csproj", "{3B5A0094-670D-4BB1-BFDD-61B88A8773DC}"
EndProject
Project("{9A19103F-16F7-4668-BE54-9A1E7A4F7556}") = "Acme.BookStore.EntityFrameworkCore.Tests", "test\Acme.BookStore.EntityFrameworkCore.Tests\Acme.BookStore.EntityFrameworkCore.Tests.csproj", "{1FE30EB9-74A9-47F5-A9F6-7B1FAB672D81}"
EndProject
Project("{9A19103F-16F7-4668-BE54-9A1E7A4F7556}") = "Acme.BookStore.TestBase", "test\Acme.BookStore.TestBase\Acme.BookStore.TestBase.csproj", "{91853F21-9CD9-4132-BC29-A7D5D84FFFE7}"
EndProject
Project("{9A19103F-16F7-4668-BE54-9A1E7A4F7556}") = "Acme.BookStore.Domain.Tests", "test\Acme.BookStore.Domain.Tests\Acme.BookStore.Domain.Tests.csproj", "{E512F4D9-9375-480F-A2F6-A46509F9D824}"
EndProject
Project("{9A19103F-16F7-4668-BE54-9A1E7A4F7556}") = "Acme.BookStore.HttpApi.Client.ConsoleTestApp", "test\Acme.BookStore.HttpApi.Client.ConsoleTestApp\Acme.BookStore.HttpApi.Client.ConsoleTestApp.csproj", "{EF480016-9127-4916-8735-D2466BDBC582}"
EndProject
Project("{9A19103F-16F7-4668-BE54-9A1E7A4F7556}") = "Acme.BookStore.DbMigrator", "src\Acme.BookStore.DbMigrator\Acme.BookStore.DbMigrator.csproj", "{70680696-BB1E-4383-BCB2-42C3767171FB}"
EndProject
Project("{9A19103F-16F7-4668-BE54-9A1E7A4F7556}") = "Acme.BookStore.HttpApi.Host", "src\Acme.BookStore.HttpApi.Host\Acme.BookStore.HttpApi.Host.csproj", "{96E5259E-59A3-4FAF-BCD1-5BF8E74EF82C}"
EndProject
Project("{FAE04EC0-301F-11D3-BF4B-00C04F79EFBC}") = "Acme.BookStore.AuthServer", "src\Acme.BookStore.AuthServer\Acme.BookStore.AuthServer.csproj", "{6D6BFAAB-F479-5A0A-FFF5-B873358246ED}"
EndProject
Project("{2150E333-8FDC-42A3-9474-1A3956D46DE8}") = "Identity", "Identity", "{2D2D5EA9-914D-E585-B997-C0012F499E10}"
EndProject
Project("{2150E333-8FDC-42A3-9474-1A3956D46DE8}") = "domain", "domain", "{02EA681E-C7D8-13C7-8484-4AC65E1B71E8}"
EndProject
Project("{2150E333-8FDC-42A3-9474-1A3956D46DE8}") = "infrastructure", "infrastructure", "{C95739EC-0C1D-4688-B04C-68F7C378ACB6}"
EndProject
Project("{2150E333-8FDC-42A3-9474-1A3956D46DE8}") = "web", "web", "{938C8B3A-EEE0-41E1-AB56-DE03B9C0A2D0}"
EndProject
Project("{2150E333-8FDC-42A3-9474-1A3956D46DE8}") = "Admin", "Admin", "{10607114-5DED-4D46-9DEA-615412FFCCDD}"
EndProject
Project("{2150E333-8FDC-42A3-9474-1A3956D46DE8}") = "admin", "admin", "{07F16688-FA11-4428-A1BF-20F65A348A19}"
EndProject
Project("{2150E333-8FDC-42A3-9474-1A3956D46DE8}") = "public", "public", "{1B4825EC-94C9-4B9C-92FF-0AA2F8929C43}"
EndProject
Project("{2150E333-8FDC-42A3-9474-1A3956D46DE8}") = "shared", "shared", "{2EB2D188-DA5E-4511-B0C6-15B897F55CD7}"
EndProject
Project("{2150E333-8FDC-42A3-9474-1A3956D46DE8}") = "common", "common", "{D952C7EB-F84D-4881-8142-2BF6D67A434E}"
EndProject
Project("{FAE04EC0-301F-11D3-BF4B-00C04F79EFBC}") = "Acme.BookStore.Admin.Application", "src\Acme.BookStore.Admin.Application\Acme.BookStore.Admin.Application.csproj", "{4F2A04D2-7B68-7604-345D-DC421E687F68}"
EndProject
Project("{FAE04EC0-301F-11D3-BF4B-00C04F79EFBC}") = "Acme.BookStore.Admin.Application.Contracts", "src\Acme.BookStore.Admin.Application.Contracts\Acme.BookStore.Admin.Application.Contracts.csproj", "{6A2B5E68-F914-9700-1B42-918F880D8BD3}"
EndProject
Project("{FAE04EC0-301F-11D3-BF4B-00C04F79EFBC}") = "Acme.BookStore.Admin.HttpApi", "src\Acme.BookStore.Admin.HttpApi\Acme.BookStore.Admin.HttpApi.csproj", "{C0CFDCC1-B13F-95D0-9E35-35357F838BCA}"
EndProject
Project("{FAE04EC0-301F-11D3-BF4B-00C04F79EFBC}") = "Acme.BookStore.Admin.HttpApi.Client", "src\Acme.BookStore.Admin.HttpApi.Client\Acme.BookStore.Admin.HttpApi.Client.csproj", "{B34226A0-B296-AC78-0032-5F3AC7FEE55E}"
EndProject
Project("{FAE04EC0-301F-11D3-BF4B-00C04F79EFBC}") = "Acme.BookStore.Admin.HttpApi.Host", "src\Acme.BookStore.Admin.HttpApi.Host\Acme.BookStore.Admin.HttpApi.Host.csproj", "{A813A585-C5BE-C2BA-A210-6E163F9FD38D}"
EndProject
Project("{FAE04EC0-301F-11D3-BF4B-00C04F79EFBC}") = "Acme.BookStore.Admin.Application.Tests", "test\Acme.BookStore.Admin.Application.Tests\Acme.BookStore.Admin.Application.Tests.csproj", "{35035A47-68EF-46DC-CCC8-9288F2BACD6B}"
EndProject
Project("{FAE04EC0-301F-11D3-BF4B-00C04F79EFBC}") = "Acme.BookStore.Admin.HttpApi.Client.ConsoleTestApp", "test\Acme.BookStore.Admin.HttpApi.Client.ConsoleTestApp\Acme.BookStore.Admin.HttpApi.Client.ConsoleTestApp.csproj", "{64F107F9-5F84-BAB1-0E8A-D67CF273E10E}"
EndProject
Global
	GlobalSection(SolutionConfigurationPlatforms) = preSolution
		Debug|Any CPU = Debug|Any CPU
		Release|Any CPU = Release|Any CPU
	EndGlobalSection
	GlobalSection(ProjectConfigurationPlatforms) = postSolution
		{554AD327-6DBA-4F8F-96F8-81CE7A0C863F}.Debug|Any CPU.ActiveCfg = Debug|Any CPU
		{554AD327-6DBA-4F8F-96F8-81CE7A0C863F}.Debug|Any CPU.Build.0 = Debug|Any CPU
		{554AD327-6DBA-4F8F-96F8-81CE7A0C863F}.Release|Any CPU.ActiveCfg = Release|Any CPU
		{554AD327-6DBA-4F8F-96F8-81CE7A0C863F}.Release|Any CPU.Build.0 = Release|Any CPU
		{1A94A50E-06DC-43C1-80B5-B662820EC3EB}.Debug|Any CPU.ActiveCfg = Debug|Any CPU
		{1A94A50E-06DC-43C1-80B5-B662820EC3EB}.Debug|Any CPU.Build.0 = Debug|Any CPU
		{1A94A50E-06DC-43C1-80B5-B662820EC3EB}.Release|Any CPU.ActiveCfg = Release|Any CPU
		{1A94A50E-06DC-43C1-80B5-B662820EC3EB}.Release|Any CPU.Build.0 = Release|Any CPU
		{C956DD76-69C8-4A9C-83EA-D17DF83340FD}.Debug|Any CPU.ActiveCfg = Debug|Any CPU
		{C956DD76-69C8-4A9C-83EA-D17DF83340FD}.Debug|Any CPU.Build.0 = Debug|Any CPU
		{C956DD76-69C8-4A9C-83EA-D17DF83340FD}.Release|Any CPU.ActiveCfg = Release|Any CPU
		{C956DD76-69C8-4A9C-83EA-D17DF83340FD}.Release|Any CPU.Build.0 = Release|Any CPU
		{50B2631D-129C-47B3-A587-029CCD6099BC}.Debug|Any CPU.ActiveCfg = Debug|Any CPU
		{50B2631D-129C-47B3-A587-029CCD6099BC}.Debug|Any CPU.Build.0 = Debug|Any CPU
		{50B2631D-129C-47B3-A587-029CCD6099BC}.Release|Any CPU.ActiveCfg = Release|Any CPU
		{50B2631D-129C-47B3-A587-029CCD6099BC}.Release|Any CPU.Build.0 = Release|Any CPU
		{42F719ED-8413-4895-B5B4-5AB56079BC66}.Debug|Any CPU.ActiveCfg = Debug|Any CPU
		{42F719ED-8413-4895-B5B4-5AB56079BC66}.Debug|Any CPU.Build.0 = Debug|Any CPU
		{42F719ED-8413-4895-B5B4-5AB56079BC66}.Release|Any CPU.ActiveCfg = Release|Any CPU
		{42F719ED-8413-4895-B5B4-5AB56079BC66}.Release|Any CPU.Build.0 = Release|Any CPU
		{520659C8-C734-4298-A3DA-B539DB9DFC0B}.Debug|Any CPU.ActiveCfg = Debug|Any CPU
		{520659C8-C734-4298-A3DA-B539DB9DFC0B}.Debug|Any CPU.Build.0 = Debug|Any CPU
		{520659C8-C734-4298-A3DA-B539DB9DFC0B}.Release|Any CPU.ActiveCfg = Release|Any CPU
		{520659C8-C734-4298-A3DA-B539DB9DFC0B}.Release|Any CPU.Build.0 = Release|Any CPU
		{4164BDF7-F527-4E85-9CE6-E3C2D7426A27}.Debug|Any CPU.ActiveCfg = Debug|Any CPU
		{4164BDF7-F527-4E85-9CE6-E3C2D7426A27}.Debug|Any CPU.Build.0 = Debug|Any CPU
		{4164BDF7-F527-4E85-9CE6-E3C2D7426A27}.Release|Any CPU.ActiveCfg = Release|Any CPU
		{4164BDF7-F527-4E85-9CE6-E3C2D7426A27}.Release|Any CPU.Build.0 = Release|Any CPU
		{3B5A0094-670D-4BB1-BFDD-61B88A8773DC}.Debug|Any CPU.ActiveCfg = Debug|Any CPU
		{3B5A0094-670D-4BB1-BFDD-61B88A8773DC}.Debug|Any CPU.Build.0 = Debug|Any CPU
		{3B5A0094-670D-4BB1-BFDD-61B88A8773DC}.Release|Any CPU.ActiveCfg = Release|Any CPU
		{3B5A0094-670D-4BB1-BFDD-61B88A8773DC}.Release|Any CPU.Build.0 = Release|Any CPU
		{1FE30EB9-74A9-47F5-A9F6-7B1FAB672D81}.Debug|Any CPU.ActiveCfg = Debug|Any CPU
		{1FE30EB9-74A9-47F5-A9F6-7B1FAB672D81}.Debug|Any CPU.Build.0 = Debug|Any CPU
		{1FE30EB9-74A9-47F5-A9F6-7B1FAB672D81}.Release|Any CPU.ActiveCfg = Release|Any CPU
		{1FE30EB9-74A9-47F5-A9F6-7B1FAB672D81}.Release|Any CPU.Build.0 = Release|Any CPU
		{91853F21-9CD9-4132-BC29-A7D5D84FFFE7}.Debug|Any CPU.ActiveCfg = Debug|Any CPU
		{91853F21-9CD9-4132-BC29-A7D5D84FFFE7}.Debug|Any CPU.Build.0 = Debug|Any CPU
		{91853F21-9CD9-4132-BC29-A7D5D84FFFE7}.Release|Any CPU.ActiveCfg = Release|Any CPU
		{91853F21-9CD9-4132-BC29-A7D5D84FFFE7}.Release|Any CPU.Build.0 = Release|Any CPU
		{E512F4D9-9375-480F-A2F6-A46509F9D824}.Debug|Any CPU.ActiveCfg = Debug|Any CPU
		{E512F4D9-9375-480F-A2F6-A46509F9D824}.Debug|Any CPU.Build.0 = Debug|Any CPU
		{E512F4D9-9375-480F-A2F6-A46509F9D824}.Release|Any CPU.ActiveCfg = Release|Any CPU
		{E512F4D9-9375-480F-A2F6-A46509F9D824}.Release|Any CPU.Build.0 = Release|Any CPU
		{EF480016-9127-4916-8735-D2466BDBC582}.Debug|Any CPU.ActiveCfg = Debug|Any CPU
		{EF480016-9127-4916-8735-D2466BDBC582}.Debug|Any CPU.Build.0 = Debug|Any CPU
		{EF480016-9127-4916-8735-D2466BDBC582}.Release|Any CPU.ActiveCfg = Release|Any CPU
		{EF480016-9127-4916-8735-D2466BDBC582}.Release|Any CPU.Build.0 = Release|Any CPU
		{70680696-BB1E-4383-BCB2-42C3767171FB}.Debug|Any CPU.ActiveCfg = Debug|Any CPU
		{70680696-BB1E-4383-BCB2-42C3767171FB}.Debug|Any CPU.Build.0 = Debug|Any CPU
		{70680696-BB1E-4383-BCB2-42C3767171FB}.Release|Any CPU.ActiveCfg = Release|Any CPU
		{70680696-BB1E-4383-BCB2-42C3767171FB}.Release|Any CPU.Build.0 = Release|Any CPU
		{96E5259E-59A3-4FAF-BCD1-5BF8E74EF82C}.Debug|Any CPU.ActiveCfg = Debug|Any CPU
		{96E5259E-59A3-4FAF-BCD1-5BF8E74EF82C}.Debug|Any CPU.Build.0 = Debug|Any CPU
		{96E5259E-59A3-4FAF-BCD1-5BF8E74EF82C}.Release|Any CPU.ActiveCfg = Release|Any CPU
		{96E5259E-59A3-4FAF-BCD1-5BF8E74EF82C}.Release|Any CPU.Build.0 = Release|Any CPU
		{6D6BFAAB-F479-5A0A-FFF5-B873358246ED}.Debug|Any CPU.ActiveCfg = Debug|Any CPU
		{6D6BFAAB-F479-5A0A-FFF5-B873358246ED}.Debug|Any CPU.Build.0 = Debug|Any CPU
		{6D6BFAAB-F479-5A0A-FFF5-B873358246ED}.Release|Any CPU.ActiveCfg = Release|Any CPU
		{6D6BFAAB-F479-5A0A-FFF5-B873358246ED}.Release|Any CPU.Build.0 = Release|Any CPU
		{4F2A04D2-7B68-7604-345D-DC421E687F68}.Debug|Any CPU.ActiveCfg = Debug|Any CPU
		{4F2A04D2-7B68-7604-345D-DC421E687F68}.Debug|Any CPU.Build.0 = Debug|Any CPU
		{4F2A04D2-7B68-7604-345D-DC421E687F68}.Release|Any CPU.ActiveCfg = Release|Any CPU
		{4F2A04D2-7B68-7604-345D-DC421E687F68}.Release|Any CPU.Build.0 = Release|Any CPU
		{6A2B5E68-F914-9700-1B42-918F880D8BD3}.Debug|Any CPU.ActiveCfg = Debug|Any CPU
		{6A2B5E68-F914-9700-1B42-918F880D8BD3}.Debug|Any CPU.Build.0 = Debug|Any CPU
		{6A2B5E68-F914-9700-1B42-918F880D8BD3}.Release|Any CPU.ActiveCfg = Release|Any CPU
		{6A2B5E68-F914-9700-1B42-918F880D8BD3}.Release|Any CPU.Build.0 = Release|Any CPU
		{C0CFDCC1-B13F-95D0-9E35-35357F838BCA}.Debug|Any CPU.ActiveCfg = Debug|Any CPU
		{C0CFDCC1-B13F-95D0-9E35-35357F838BCA}.Debug|Any CPU.Build.0 = Debug|Any CPU
		{C0CFDCC1-B13F-95D0-9E35-35357F838BCA}.Release|Any CPU.ActiveCfg = Release|Any CPU
		{C0CFDCC1-B13F-95D0-9E35-35357F838BCA}.Release|Any CPU.Build.0 = Release|Any CPU
		{B34226A0-B296-AC78-0032-5F3AC7FEE55E}.Debug|Any CPU.ActiveCfg = Debug|Any CPU
		{B34226A0-B296-AC78-0032-5F3AC7FEE55E}.Debug|Any CPU.Build.0 = Debug|Any CPU
		{B34226A0-B296-AC78-0032-5F3AC7FEE55E}.Release|Any CPU.ActiveCfg = Release|Any CPU
		{B34226A0-B296-AC78-0032-5F3AC7FEE55E}.Release|Any CPU.Build.0 = Release|Any CPU
		{A813A585-C5BE-C2BA-A210-6E163F9FD38D}.Debug|Any CPU.ActiveCfg = Debug|Any CPU
		{A813A585-C5BE-C2BA-A210-6E163F9FD38D}.Debug|Any CPU.Build.0 = Debug|Any CPU
		{A813A585-C5BE-C2BA-A210-6E163F9FD38D}.Release|Any CPU.ActiveCfg = Release|Any CPU
		{A813A585-C5BE-C2BA-A210-6E163F9FD38D}.Release|Any CPU.Build.0 = Release|Any CPU
		{35035A47-68EF-46DC-CCC8-9288F2BACD6B}.Debug|Any CPU.ActiveCfg = Debug|Any CPU
		{35035A47-68EF-46DC-CCC8-9288F2BACD6B}.Debug|Any CPU.Build.0 = Debug|Any CPU
		{35035A47-68EF-46DC-CCC8-9288F2BACD6B}.Release|Any CPU.ActiveCfg = Release|Any CPU
		{35035A47-68EF-46DC-CCC8-9288F2BACD6B}.Release|Any CPU.Build.0 = Release|Any CPU
		{64F107F9-5F84-BAB1-0E8A-D67CF273E10E}.Debug|Any CPU.ActiveCfg = Debug|Any CPU
		{64F107F9-5F84-BAB1-0E8A-D67CF273E10E}.Debug|Any CPU.Build.0 = Debug|Any CPU
		{64F107F9-5F84-BAB1-0E8A-D67CF273E10E}.Release|Any CPU.ActiveCfg = Release|Any CPU
		{64F107F9-5F84-BAB1-0E8A-D67CF273E10E}.Release|Any CPU.Build.0 = Release|Any CPU
	EndGlobalSection
	GlobalSection(SolutionProperties) = preSolution
		HideSolutionNode = FALSE
	EndGlobalSection
	GlobalSection(NestedProjects) = preSolution
		{554AD327-6DBA-4F8F-96F8-81CE7A0C863F} = {02EA681E-C7D8-13C7-8484-4AC65E1B71E8}
		{1A94A50E-06DC-43C1-80B5-B662820EC3EB} = {938C8B3A-EEE0-41E1-AB56-DE03B9C0A2D0}
		{C956DD76-69C8-4A9C-83EA-D17DF83340FD} = {C95739EC-0C1D-4688-B04C-68F7C378ACB6}
		{50B2631D-129C-47B3-A587-029CCD6099BC} = {1B4825EC-94C9-4B9C-92FF-0AA2F8929C43}
		{42F719ED-8413-4895-B5B4-5AB56079BC66} = {02EA681E-C7D8-13C7-8484-4AC65E1B71E8}
		{520659C8-C734-4298-A3DA-B539DB9DFC0B} = {938C8B3A-EEE0-41E1-AB56-DE03B9C0A2D0}
		{4164BDF7-F527-4E85-9CE6-E3C2D7426A27} = {938C8B3A-EEE0-41E1-AB56-DE03B9C0A2D0}
		{3B5A0094-670D-4BB1-BFDD-61B88A8773DC} = {938C8B3A-EEE0-41E1-AB56-DE03B9C0A2D0}
		{1FE30EB9-74A9-47F5-A9F6-7B1FAB672D81} = {2EB2D188-DA5E-4511-B0C6-15B897F55CD7}
		{91853F21-9CD9-4132-BC29-A7D5D84FFFE7} = {2EB2D188-DA5E-4511-B0C6-15B897F55CD7}
		{E512F4D9-9375-480F-A2F6-A46509F9D824} = {1B4825EC-94C9-4B9C-92FF-0AA2F8929C43}
		{EF480016-9127-4916-8735-D2466BDBC582} = {2EB2D188-DA5E-4511-B0C6-15B897F55CD7}
		{70680696-BB1E-4383-BCB2-42C3767171FB} = {C95739EC-0C1D-4688-B04C-68F7C378ACB6}
		{96E5259E-59A3-4FAF-BCD1-5BF8E74EF82C} = {938C8B3A-EEE0-41E1-AB56-DE03B9C0A2D0}
		{6D6BFAAB-F479-5A0A-FFF5-B873358246ED} = {2D2D5EA9-914D-E585-B997-C0012F499E10}
		{2D2D5EA9-914D-E585-B997-C0012F499E10} = {CA9AC87F-097E-4F15-8393-4BC07735A5B0}
		{02EA681E-C7D8-13C7-8484-4AC65E1B71E8} = {D952C7EB-F84D-4881-8142-2BF6D67A434E}
		{C95739EC-0C1D-4688-B04C-68F7C378ACB6} = {D952C7EB-F84D-4881-8142-2BF6D67A434E}
		{938C8B3A-EEE0-41E1-AB56-DE03B9C0A2D0} = {CA9AC87F-097E-4F15-8393-4BC07735A5B0}
		{10607114-5DED-4D46-9DEA-615412FFCCDD} = {CA9AC87F-097E-4F15-8393-4BC07735A5B0}
		{07F16688-FA11-4428-A1BF-20F65A348A19} = {04DBDB01-70F4-4E06-B468-8F87850B22BE}
		{1B4825EC-94C9-4B9C-92FF-0AA2F8929C43} = {04DBDB01-70F4-4E06-B468-8F87850B22BE}
		{2EB2D188-DA5E-4511-B0C6-15B897F55CD7} = {04DBDB01-70F4-4E06-B468-8F87850B22BE}
		{D952C7EB-F84D-4881-8142-2BF6D67A434E} = {CA9AC87F-097E-4F15-8393-4BC07735A5B0}
		{4F2A04D2-7B68-7604-345D-DC421E687F68} = {10607114-5DED-4D46-9DEA-615412FFCCDD}
		{6A2B5E68-F914-9700-1B42-918F880D8BD3} = {10607114-5DED-4D46-9DEA-615412FFCCDD}
		{C0CFDCC1-B13F-95D0-9E35-35357F838BCA} = {10607114-5DED-4D46-9DEA-615412FFCCDD}
		{B34226A0-B296-AC78-0032-5F3AC7FEE55E} = {10607114-5DED-4D46-9DEA-615412FFCCDD}
		{A813A585-C5BE-C2BA-A210-6E163F9FD38D} = {10607114-5DED-4D46-9DEA-615412FFCCDD}
		{35035A47-68EF-46DC-CCC8-9288F2BACD6B} = {07F16688-FA11-4428-A1BF-20F65A348A19}
		{64F107F9-5F84-BAB1-0E8A-D67CF273E10E} = {07F16688-FA11-4428-A1BF-20F65A348A19}
	EndGlobalSection
	GlobalSection(ExtensibilityGlobals) = postSolution
		SolutionGuid = {28315BFD-90E7-4E14-A2EA-F3D23AF4126F}
	EndGlobalSection
EndGlobal
